// !$*UTF8*$!
{
	archiveVersion = 1;
	classes = {
	};
	objectVersion = 46;
	objects = {

/* Begin PBXBuildFile section */
		6B53312E1E9C5FE900492A83 /* main.m in Sources */ = {isa = PBXBuildFile; fileRef = 6B53312D1E9C5FE900492A83 /* main.m */; };
		6B5331311E9C5FE900492A83 /* AppDelegate.m in Sources */ = {isa = PBXBuildFile; fileRef = 6B5331301E9C5FE900492A83 /* AppDelegate.m */; };
		6B5331341E9C5FE900492A83 /* ViewController.m in Sources */ = {isa = PBXBuildFile; fileRef = 6B5331331E9C5FE900492A83 /* ViewController.m */; };
		6B5331371E9C5FE900492A83 /* Main.storyboard in Resources */ = {isa = PBXBuildFile; fileRef = 6B5331351E9C5FE900492A83 /* Main.storyboard */; };
		6B5331391E9C5FE900492A83 /* Assets.xcassets in Resources */ = {isa = PBXBuildFile; fileRef = 6B5331381E9C5FE900492A83 /* Assets.xcassets */; };
		6B53313C1E9C5FE900492A83 /* LaunchScreen.storyboard in Resources */ = {isa = PBXBuildFile; fileRef = 6B53313A1E9C5FE900492A83 /* LaunchScreen.storyboard */; };
		6B5331471E9C5FEA00492A83 /* ExploreTableViewTests.m in Sources */ = {isa = PBXBuildFile; fileRef = 6B5331461E9C5FEA00492A83 /* ExploreTableViewTests.m */; };
		6B5331521E9C5FEA00492A83 /* ExploreTableViewUITests.m in Sources */ = {isa = PBXBuildFile; fileRef = 6B5331511E9C5FEA00492A83 /* ExploreTableViewUITests.m */; };
/* End PBXBuildFile section */

/* Begin PBXContainerItemProxy section */
		6B5331431E9C5FEA00492A83 /* PBXContainerItemProxy */ = {
			isa = PBXContainerItemProxy;
			containerPortal = 6B5331211E9C5FE900492A83 /* Project object */;
			proxyType = 1;
			remoteGlobalIDString = 6B5331281E9C5FE900492A83;
			remoteInfo = ExploreTableView;
		};
		6B53314E1E9C5FEA00492A83 /* PBXContainerItemProxy */ = {
			isa = PBXContainerItemProxy;
			containerPortal = 6B5331211E9C5FE900492A83 /* Project object */;
			proxyType = 1;
			remoteGlobalIDString = 6B5331281E9C5FE900492A83;
			remoteInfo = ExploreTableView;
		};
/* End PBXContainerItemProxy section */

/* Begin PBXFileReference section */
		6B5331291E9C5FE900492A83 /* ExploreTableView.app */ = {isa = PBXFileReference; explicitFileType = wrapper.application; includeInIndex = 0; path = ExploreTableView.app; sourceTree = BUILT_PRODUCTS_DIR; };
		6B53312D1E9C5FE900492A83 /* main.m */ = {isa = PBXFileReference; lastKnownFileType = sourcecode.c.objc; path = main.m; sourceTree = "<group>"; };
		6B53312F1E9C5FE900492A83 /* AppDelegate.h */ = {isa = PBXFileReference; lastKnownFileType = sourcecode.c.h; path = AppDelegate.h; sourceTree = "<group>"; };
		6B5331301E9C5FE900492A83 /* AppDelegate.m */ = {isa = PBXFileReference; lastKnownFileType = sourcecode.c.objc; path = AppDelegate.m; sourceTree = "<group>"; };
		6B5331321E9C5FE900492A83 /* ViewController.h */ = {isa = PBXFileReference; lastKnownFileType = sourcecode.c.h; path = ViewController.h; sourceTree = "<group>"; };
		6B5331331E9C5FE900492A83 /* ViewController.m */ = {isa = PBXFileReference; lastKnownFileType = sourcecode.c.objc; path = ViewController.m; sourceTree = "<group>"; };
		6B5331361E9C5FE900492A83 /* Base */ = {isa = PBXFileReference; lastKnownFileType = file.storyboard; name = Base; path = Base.lproj/Main.storyboard; sourceTree = "<group>"; };
		6B5331381E9C5FE900492A83 /* Assets.xcassets */ = {isa = PBXFileReference; lastKnownFileType = folder.assetcatalog; path = Assets.xcassets; sourceTree = "<group>"; };
		6B53313B1E9C5FE900492A83 /* Base */ = {isa = PBXFileReference; lastKnownFileType = file.storyboard; name = Base; path = Base.lproj/LaunchScreen.storyboard; sourceTree = "<group>"; };
		6B53313D1E9C5FE900492A83 /* Info.plist */ = {isa = PBXFileReference; lastKnownFileType = text.plist.xml; path = Info.plist; sourceTree = "<group>"; };
		6B5331421E9C5FEA00492A83 /* ExploreTableViewTests.xctest */ = {isa = PBXFileReference; explicitFileType = wrapper.cfbundle; includeInIndex = 0; path = ExploreTableViewTests.xctest; sourceTree = BUILT_PRODUCTS_DIR; };
		6B5331461E9C5FEA00492A83 /* ExploreTableViewTests.m */ = {isa = PBXFileReference; lastKnownFileType = sourcecode.c.objc; path = ExploreTableViewTests.m; sourceTree = "<group>"; };
		6B5331481E9C5FEA00492A83 /* Info.plist */ = {isa = PBXFileReference; lastKnownFileType = text.plist.xml; path = Info.plist; sourceTree = "<group>"; };
		6B53314D1E9C5FEA00492A83 /* ExploreTableViewUITests.xctest */ = {isa = PBXFileReference; explicitFileType = wrapper.cfbundle; includeInIndex = 0; path = ExploreTableViewUITests.xctest; sourceTree = BUILT_PRODUCTS_DIR; };
		6B5331511E9C5FEA00492A83 /* ExploreTableViewUITests.m */ = {isa = PBXFileReference; lastKnownFileType = sourcecode.c.objc; path = ExploreTableViewUITests.m; sourceTree = "<group>"; };
		6B5331531E9C5FEA00492A83 /* Info.plist */ = {isa = PBXFileReference; lastKnownFileType = text.plist.xml; path = Info.plist; sourceTree = "<group>"; };
/* End PBXFileReference section */

/* Begin PBXFrameworksBuildPhase section */
		6B5331261E9C5FE900492A83 /* Frameworks */ = {
			isa = PBXFrameworksBuildPhase;
			buildActionMask = 2147483647;
			files = (
			);
			runOnlyForDeploymentPostprocessing = 0;
		};
		6B53313F1E9C5FEA00492A83 /* Frameworks */ = {
			isa = PBXFrameworksBuildPhase;
			buildActionMask = 2147483647;
			files = (
			);
			runOnlyForDeploymentPostprocessing = 0;
		};
		6B53314A1E9C5FEA00492A83 /* Frameworks */ = {
			isa = PBXFrameworksBuildPhase;
			buildActionMask = 2147483647;
			files = (
			);
			runOnlyForDeploymentPostprocessing = 0;
		};
/* End PBXFrameworksBuildPhase section */

/* Begin PBXGroup section */
		6B5331201E9C5FE900492A83 = {
			isa = PBXGroup;
			children = (
				6B53312B1E9C5FE900492A83 /* ExploreTableView */,
				6B5331451E9C5FEA00492A83 /* ExploreTableViewTests */,
				6B5331501E9C5FEA00492A83 /* ExploreTableViewUITests */,
				6B53312A1E9C5FE900492A83 /* Products */,
			);
			sourceTree = "<group>";
		};
		6B53312A1E9C5FE900492A83 /* Products */ = {
			isa = PBXGroup;
			children = (
				6B5331291E9C5FE900492A83 /* ExploreTableView.app */,
				6B5331421E9C5FEA00492A83 /* ExploreTableViewTests.xctest */,
				6B53314D1E9C5FEA00492A83 /* ExploreTableViewUITests.xctest */,
			);
			name = Products;
			sourceTree = "<group>";
		};
		6B53312B1E9C5FE900492A83 /* ExploreTableView */ = {
			isa = PBXGroup;
			children = (
				6B53312F1E9C5FE900492A83 /* AppDelegate.h */,
				6B5331301E9C5FE900492A83 /* AppDelegate.m */,
				6B5331321E9C5FE900492A83 /* ViewController.h */,
				6B5331331E9C5FE900492A83 /* ViewController.m */,
				6B5331351E9C5FE900492A83 /* Main.storyboard */,
				6B5331381E9C5FE900492A83 /* Assets.xcassets */,
				6B53313A1E9C5FE900492A83 /* LaunchScreen.storyboard */,
				6B53313D1E9C5FE900492A83 /* Info.plist */,
				6B53312C1E9C5FE900492A83 /* Supporting Files */,
			);
			path = ExploreTableView;
			sourceTree = "<group>";
		};
		6B53312C1E9C5FE900492A83 /* Supporting Files */ = {
			isa = PBXGroup;
			children = (
				6B53312D1E9C5FE900492A83 /* main.m */,
			);
			name = "Supporting Files";
			sourceTree = "<group>";
		};
		6B5331451E9C5FEA00492A83 /* ExploreTableViewTests */ = {
			isa = PBXGroup;
			children = (
				6B5331461E9C5FEA00492A83 /* ExploreTableViewTests.m */,
				6B5331481E9C5FEA00492A83 /* Info.plist */,
			);
			path = ExploreTableViewTests;
			sourceTree = "<group>";
		};
		6B5331501E9C5FEA00492A83 /* ExploreTableViewUITests */ = {
			isa = PBXGroup;
			children = (
				6B5331511E9C5FEA00492A83 /* ExploreTableViewUITests.m */,
				6B5331531E9C5FEA00492A83 /* Info.plist */,
			);
			path = ExploreTableViewUITests;
			sourceTree = "<group>";
		};
/* End PBXGroup section */

/* Begin PBXNativeTarget section */
		6B5331281E9C5FE900492A83 /* ExploreTableView */ = {
			isa = PBXNativeTarget;
			buildConfigurationList = 6B5331561E9C5FEA00492A83 /* Build configuration list for PBXNativeTarget "ExploreTableView" */;
			buildPhases = (
				6B5331251E9C5FE900492A83 /* Sources */,
				6B5331261E9C5FE900492A83 /* Frameworks */,
				6B5331271E9C5FE900492A83 /* Resources */,
			);
			buildRules = (
			);
			dependencies = (
			);
			name = ExploreTableView;
			productName = ExploreTableView;
			productReference = 6B5331291E9C5FE900492A83 /* ExploreTableView.app */;
			productType = "com.apple.product-type.application";
		};
		6B5331411E9C5FEA00492A83 /* ExploreTableViewTests */ = {
			isa = PBXNativeTarget;
			buildConfigurationList = 6B5331591E9C5FEA00492A83 /* Build configuration list for PBXNativeTarget "ExploreTableViewTests" */;
			buildPhases = (
				6B53313E1E9C5FEA00492A83 /* Sources */,
				6B53313F1E9C5FEA00492A83 /* Frameworks */,
				6B5331401E9C5FEA00492A83 /* Resources */,
			);
			buildRules = (
			);
			dependencies = (
				6B5331441E9C5FEA00492A83 /* PBXTargetDependency */,
			);
			name = ExploreTableViewTests;
			productName = ExploreTableViewTests;
			productReference = 6B5331421E9C5FEA00492A83 /* ExploreTableViewTests.xctest */;
			productType = "com.apple.product-type.bundle.unit-test";
		};
		6B53314C1E9C5FEA00492A83 /* ExploreTableViewUITests */ = {
			isa = PBXNativeTarget;
			buildConfigurationList = 6B53315C1E9C5FEA00492A83 /* Build configuration list for PBXNativeTarget "ExploreTableViewUITests" */;
			buildPhases = (
				6B5331491E9C5FEA00492A83 /* Sources */,
				6B53314A1E9C5FEA00492A83 /* Frameworks */,
				6B53314B1E9C5FEA00492A83 /* Resources */,
			);
			buildRules = (
			);
			dependencies = (
				6B53314F1E9C5FEA00492A83 /* PBXTargetDependency */,
			);
			name = ExploreTableViewUITests;
			productName = ExploreTableViewUITests;
			productReference = 6B53314D1E9C5FEA00492A83 /* ExploreTableViewUITests.xctest */;
			productType = "com.apple.product-type.bundle.ui-testing";
		};
/* End PBXNativeTarget section */

/* Begin PBXProject section */
		6B5331211E9C5FE900492A83 /* Project object */ = {
			isa = PBXProject;
			attributes = {
				LastUpgradeCheck = 0830;
				ORGANIZATIONNAME = "Mahbub Ahmed";
				TargetAttributes = {
					6B5331281E9C5FE900492A83 = {
						CreatedOnToolsVersion = 8.3;
						ProvisioningStyle = Automatic;
					};
					6B5331411E9C5FEA00492A83 = {
						CreatedOnToolsVersion = 8.3;
						ProvisioningStyle = Automatic;
						TestTargetID = 6B5331281E9C5FE900492A83;
					};
					6B53314C1E9C5FEA00492A83 = {
						CreatedOnToolsVersion = 8.3;
						ProvisioningStyle = Automatic;
						TestTargetID = 6B5331281E9C5FE900492A83;
					};
				};
			};
			buildConfigurationList = 6B5331241E9C5FE900492A83 /* Build configuration list for PBXProject "ExploreTableView" */;
			compatibilityVersion = "Xcode 3.2";
			developmentRegion = English;
			hasScannedForEncodings = 0;
			knownRegions = (
				en,
				Base,
			);
			mainGroup = 6B5331201E9C5FE900492A83;
			productRefGroup = 6B53312A1E9C5FE900492A83 /* Products */;
			projectDirPath = "";
			projectRoot = "";
			targets = (
				6B5331281E9C5FE900492A83 /* ExploreTableView */,
				6B5331411E9C5FEA00492A83 /* ExploreTableViewTests */,
				6B53314C1E9C5FEA00492A83 /* ExploreTableViewUITests */,
			);
		};
/* End PBXProject section */

/* Begin PBXResourcesBuildPhase section */
		6B5331271E9C5FE900492A83 /* Resources */ = {
			isa = PBXResourcesBuildPhase;
			buildActionMask = 2147483647;
			files = (
				6B53313C1E9C5FE900492A83 /* LaunchScreen.storyboard in Resources */,
				6B5331391E9C5FE900492A83 /* Assets.xcassets in Resources */,
				6B5331371E9C5FE900492A83 /* Main.storyboard in Resources */,
			);
			runOnlyForDeploymentPostprocessing = 0;
		};
		6B5331401E9C5FEA00492A83 /* Resources */ = {
			isa = PBXResourcesBuildPhase;
			buildActionMask = 2147483647;
			files = (
			);
			runOnlyForDeploymentPostprocessing = 0;
		};
		6B53314B1E9C5FEA00492A83 /* Resources */ = {
			isa = PBXResourcesBuildPhase;
			buildActionMask = 2147483647;
			files = (
			);
			runOnlyForDeploymentPostprocessing = 0;
		};
/* End PBXResourcesBuildPhase section */

/* Begin PBXSourcesBuildPhase section */
		6B5331251E9C5FE900492A83 /* Sources */ = {
			isa = PBXSourcesBuildPhase;
			buildActionMask = 2147483647;
			files = (
				6B5331341E9C5FE900492A83 /* ViewController.m in Sources */,
				6B5331311E9C5FE900492A83 /* AppDelegate.m in Sources */,
				6B53312E1E9C5FE900492A83 /* main.m in Sources */,
			);
			runOnlyForDeploymentPostprocessing = 0;
		};
		6B53313E1E9C5FEA00492A83 /* Sources */ = {
			isa = PBXSourcesBuildPhase;
			buildActionMask = 2147483647;
			files = (
				6B5331471E9C5FEA00492A83 /* ExploreTableViewTests.m in Sources */,
			);
			runOnlyForDeploymentPostprocessing = 0;
		};
		6B5331491E9C5FEA00492A83 /* Sources */ = {
			isa = PBXSourcesBuildPhase;
			buildActionMask = 2147483647;
			files = (
				6B5331521E9C5FEA00492A83 /* ExploreTableViewUITests.m in Sources */,
			);
			runOnlyForDeploymentPostprocessing = 0;
		};
/* End PBXSourcesBuildPhase section */

/* Begin PBXTargetDependency section */
		6B5331441E9C5FEA00492A83 /* PBXTargetDependency */ = {
			isa = PBXTargetDependency;
			target = 6B5331281E9C5FE900492A83 /* ExploreTableView */;
			targetProxy = 6B5331431E9C5FEA00492A83 /* PBXContainerItemProxy */;
		};
		6B53314F1E9C5FEA00492A83 /* PBXTargetDependency */ = {
			isa = PBXTargetDependency;
			target = 6B5331281E9C5FE900492A83 /* ExploreTableView */;
			targetProxy = 6B53314E1E9C5FEA00492A83 /* PBXContainerItemProxy */;
		};
/* End PBXTargetDependency section */

/* Begin PBXVariantGroup section */
		6B5331351E9C5FE900492A83 /* Main.storyboard */ = {
			isa = PBXVariantGroup;
			children = (
				6B5331361E9C5FE900492A83 /* Base */,
			);
			name = Main.storyboard;
			sourceTree = "<group>";
		};
		6B53313A1E9C5FE900492A83 /* LaunchScreen.storyboard */ = {
			isa = PBXVariantGroup;
			children = (
				6B53313B1E9C5FE900492A83 /* Base */,
			);
			name = LaunchScreen.storyboard;
			sourceTree = "<group>";
		};
/* End PBXVariantGroup section */

/* Begin XCBuildConfiguration section */
		6B5331541E9C5FEA00492A83 /* Debug */ = {
			isa = XCBuildConfiguration;
			buildSettings = {
				ALWAYS_SEARCH_USER_PATHS = NO;
				CLANG_ANALYZER_NONNULL = YES;
				CLANG_ANALYZER_NUMBER_OBJECT_CONVERSION = YES_AGGRESSIVE;
				CLANG_CXX_LANGUAGE_STANDARD = "gnu++0x";
				CLANG_CXX_LIBRARY = "libc++";
				CLANG_ENABLE_MODULES = YES;
				CLANG_ENABLE_OBJC_ARC = YES;
				CLANG_WARN_BOOL_CONVERSION = YES;
				CLANG_WARN_CONSTANT_CONVERSION = YES;
				CLANG_WARN_DIRECT_OBJC_ISA_USAGE = YES_ERROR;
				CLANG_WARN_DOCUMENTATION_COMMENTS = YES;
				CLANG_WARN_EMPTY_BODY = YES;
				CLANG_WARN_ENUM_CONVERSION = YES;
				CLANG_WARN_INFINITE_RECURSION = YES;
				CLANG_WARN_INT_CONVERSION = YES;
				CLANG_WARN_OBJC_ROOT_CLASS = YES_ERROR;
				CLANG_WARN_SUSPICIOUS_MOVE = YES;
				CLANG_WARN_UNREACHABLE_CODE = YES;
				CLANG_WARN__DUPLICATE_METHOD_MATCH = YES;
				"CODE_SIGN_IDENTITY[sdk=iphoneos*]" = "iPhone Developer";
				COPY_PHASE_STRIP = NO;
				DEBUG_INFORMATION_FORMAT = dwarf;
				ENABLE_STRICT_OBJC_MSGSEND = YES;
				ENABLE_TESTABILITY = YES;
				GCC_C_LANGUAGE_STANDARD = gnu99;
				GCC_DYNAMIC_NO_PIC = NO;
				GCC_NO_COMMON_BLOCKS = YES;
				GCC_OPTIMIZATION_LEVEL = 0;
				GCC_PREPROCESSOR_DEFINITIONS = (
					"DEBUG=1",
					"$(inherited)",
				);
				GCC_WARN_64_TO_32_BIT_CONVERSION = YES;
				GCC_WARN_ABOUT_RETURN_TYPE = YES_ERROR;
				GCC_WARN_UNDECLARED_SELECTOR = YES;
				GCC_WARN_UNINITIALIZED_AUTOS = YES_AGGRESSIVE;
				GCC_WARN_UNUSED_FUNCTION = YES;
				GCC_WARN_UNUSED_VARIABLE = YES;
				IPHONEOS_DEPLOYMENT_TARGET = 10.3;
				MTL_ENABLE_DEBUG_INFO = YES;
				ONLY_ACTIVE_ARCH = YES;
				SDKROOT = iphoneos;
			};
			name = Debug;
		};
		6B5331551E9C5FEA00492A83 /* Release */ = {
			isa = XCBuildConfiguration;
			buildSettings = {
				ALWAYS_SEARCH_USER_PATHS = NO;
				CLANG_ANALYZER_NONNULL = YES;
				CLANG_ANALYZER_NUMBER_OBJECT_CONVERSION = YES_AGGRESSIVE;
				CLANG_CXX_LANGUAGE_STANDARD = "gnu++0x";
				CLANG_CXX_LIBRARY = "libc++";
				CLANG_ENABLE_MODULES = YES;
				CLANG_ENABLE_OBJC_ARC = YES;
				CLANG_WARN_BOOL_CONVERSION = YES;
				CLANG_WARN_CONSTANT_CONVERSION = YES;
				CLANG_WARN_DIRECT_OBJC_ISA_USAGE = YES_ERROR;
				CLANG_WARN_DOCUMENTATION_COMMENTS = YES;
				CLANG_WARN_EMPTY_BODY = YES;
				CLANG_WARN_ENUM_CONVERSION = YES;
				CLANG_WARN_INFINITE_RECURSION = YES;
				CLANG_WARN_INT_CONVERSION = YES;
				CLANG_WARN_OBJC_ROOT_CLASS = YES_ERROR;
				CLANG_WARN_SUSPICIOUS_MOVE = YES;
				CLANG_WARN_UNREACHABLE_CODE = YES;
				CLANG_WARN__DUPLICATE_METHOD_MATCH = YES;
				"CODE_SIGN_IDENTITY[sdk=iphoneos*]" = "iPhone Developer";
				COPY_PHASE_STRIP = NO;
				DEBUG_INFORMATION_FORMAT = "dwarf-with-dsym";
				ENABLE_NS_ASSERTIONS = NO;
				ENABLE_STRICT_OBJC_MSGSEND = YES;
				GCC_C_LANGUAGE_STANDARD = gnu99;
				GCC_NO_COMMON_BLOCKS = YES;
				GCC_WARN_64_TO_32_BIT_CONVERSION = YES;
				GCC_WARN_ABOUT_RETURN_TYPE = YES_ERROR;
				GCC_WARN_UNDECLARED_SELECTOR = YES;
				GCC_WARN_UNINITIALIZED_AUTOS = YES_AGGRESSIVE;
				GCC_WARN_UNUSED_FUNCTION = YES;
				GCC_WARN_UNUSED_VARIABLE = YES;
				IPHONEOS_DEPLOYMENT_TARGET = 10.3;
				MTL_ENABLE_DEBUG_INFO = NO;
				SDKROOT = iphoneos;
				VALIDATE_PRODUCT = YES;
			};
			name = Release;
		};
		6B5331571E9C5FEA00492A83 /* Debug */ = {
			isa = XCBuildConfiguration;
			buildSettings = {
				ASSETCATALOG_COMPILER_APPICON_NAME = AppIcon;
				INFOPLIST_FILE = ExploreTableView/Info.plist;
				LD_RUNPATH_SEARCH_PATHS = "$(inherited) @executable_path/Frameworks";
				PRODUCT_BUNDLE_IDENTIFIER = darkApple.com.org.ExploreTableView;
				PRODUCT_NAME = "$(TARGET_NAME)";
			};
			name = Debug;
		};
		6B5331581E9C5FEA00492A83 /* Release */ = {
			isa = XCBuildConfiguration;
			buildSettings = {
				ASSETCATALOG_COMPILER_APPICON_NAME = AppIcon;
				INFOPLIST_FILE = ExploreTableView/Info.plist;
				LD_RUNPATH_SEARCH_PATHS = "$(inherited) @executable_path/Frameworks";
				PRODUCT_BUNDLE_IDENTIFIER = darkApple.com.org.ExploreTableView;
				PRODUCT_NAME = "$(TARGET_NAME)";
			};
			name = Release;
		};
		6B53315A1E9C5FEA00492A83 /* Debug */ = {
			isa = XCBuildConfiguration;
			buildSettings = {
				BUNDLE_LOADER = "$(TEST_HOST)";
				INFOPLIST_FILE = ExploreTableViewTests/Info.plist;
				LD_RUNPATH_SEARCH_PATHS = "$(inherited) @executable_path/Frameworks @loader_path/Frameworks";
				PRODUCT_BUNDLE_IDENTIFIER = darkApple.com.org.ExploreTableViewTests;
				PRODUCT_NAME = "$(TARGET_NAME)";
				TEST_HOST = "$(BUILT_PRODUCTS_DIR)/ExploreTableView.app/ExploreTableView";
			};
			name = Debug;
		};
		6B53315B1E9C5FEA00492A83 /* Release */ = {
			isa = XCBuildConfiguration;
			buildSettings = {
				BUNDLE_LOADER = "$(TEST_HOST)";
				INFOPLIST_FILE = ExploreTableViewTests/Info.plist;
				LD_RUNPATH_SEARCH_PATHS = "$(inherited) @executable_path/Frameworks @loader_path/Frameworks";
				PRODUCT_BUNDLE_IDENTIFIER = darkApple.com.org.ExploreTableViewTests;
				PRODUCT_NAME = "$(TARGET_NAME)";
				TEST_HOST = "$(BUILT_PRODUCTS_DIR)/ExploreTableView.app/ExploreTableView";
			};
			name = Release;
		};
		6B53315D1E9C5FEA00492A83 /* Debug */ = {
			isa = XCBuildConfiguration;
			buildSettings = {
				INFOPLIST_FILE = ExploreTableViewUITests/Info.plist;
				LD_RUNPATH_SEARCH_PATHS = "$(inherited) @executable_path/Frameworks @loader_path/Frameworks";
				PRODUCT_BUNDLE_IDENTIFIER = darkApple.com.org.ExploreTableViewUITests;
				PRODUCT_NAME = "$(TARGET_NAME)";
				TEST_TARGET_NAME = ExploreTableView;
			};
			name = Debug;
		};
		6B53315E1E9C5FEA00492A83 /* Release */ = {
			isa = XCBuildConfiguration;
			buildSettings = {
				INFOPLIST_FILE = ExploreTableViewUITests/Info.plist;
				LD_RUNPATH_SEARCH_PATHS = "$(inherited) @executable_path/Frameworks @loader_path/Frameworks";
				PRODUCT_BUNDLE_IDENTIFIER = darkApple.com.org.ExploreTableViewUITests;
				PRODUCT_NAME = "$(TARGET_NAME)";
				TEST_TARGET_NAME = ExploreTableView;
			};
			name = Release;
		};
/* End XCBuildConfiguration section */

/* Begin XCConfigurationList section */
		6B5331241E9C5FE900492A83 /* Build configuration list for PBXProject "ExploreTableView" */ = {
			isa = XCConfigurationList;
			buildConfigurations = (
				6B5331541E9C5FEA00492A83 /* Debug */,
				6B5331551E9C5FEA00492A83 /* Release */,
			);
			defaultConfigurationIsVisible = 0;
			defaultConfigurationName = Release;
		};
		6B5331561E9C5FEA00492A83 /* Build configuration list for PBXNativeTarget "ExploreTableView" */ = {
			isa = XCConfigurationList;
			buildConfigurations = (
				6B5331571E9C5FEA00492A83 /* Debug */,
				6B5331581E9C5FEA00492A83 /* Release */,
			);
			defaultConfigurationIsVisible = 0;
		};
		6B5331591E9C5FEA00492A83 /* Build configuration list for PBXNativeTarget "ExploreTableViewTests" */ = {
			isa = XCConfigurationList;
			buildConfigurations = (
				6B53315A1E9C5FEA00492A83 /* Debug */,
				6B53315B1E9C5FEA00492A83 /* Release */,
			);
			defaultConfigurationIsVisible = 0;
		};
		6B53315C1E9C5FEA00492A83 /* Build configuration list for PBXNativeTarget "ExploreTableViewUITests" */ = {
			isa = XCConfigurationList;
			buildConfigurations = (
				6B53315D1E9C5FEA00492A83 /* Debug */,
				6B53315E1E9C5FEA00492A83 /* Release */,
			);
			defaultConfigurationIsVisible = 0;
		};
/* End XCConfigurationList section */
	};
	rootObject = 6B5331211E9C5FE900492A83 /* Project object */;
}
